
Microsoft Visual Studio Solution File, Format Version 12.00
# Visual Studio Version 16
VisualStudioVersion = 16.0.32126.315
MinimumVisualStudioVersion = 10.0.40219.1
Project("{FAE04EC0-301F-11D3-BF4B-00C04F79EFBC}") = "AS2122_4H_INF_Prof_ProvaGestioneArticoli", "AS2122_4H_INF_Prof_ProvaGestioneArticoli\AS2122_4H_INF_Prof_ProvaGestioneArticoli.csproj", "{4C09D11D-1CD5-4AD7-BBBB-6BE009D0001F}"
EndProject
Global
	GlobalSection(SolutionConfigurationPlatforms) = preSolution
		Debug|Any CPU = Debug|Any CPU
		Release|Any CPU = Release|Any CPU
	EndGlobalSection
	GlobalSection(ProjectConfigurationPlatforms) = postSolution
		{4C09D11D-1CD5-4AD7-BBBB-6BE009D0001F}.Debug|Any CPU.ActiveCfg = Debug|Any CPU
		{4C09D11D-1CD5-4AD7-BBBB-6BE009D0001F}.Debug|Any CPU.Build.0 = Debug|Any CPU
		{4C09D11D-1CD5-4AD7-BBBB-6BE009D0001F}.Release|Any CPU.ActiveCfg = Release|Any CPU
		{4C09D11D-1CD5-4AD7-BBBB-6BE009D0001F}.Release|Any CPU.Build.0 = Release|Any CPU
	EndGlobalSection
	GlobalSection(SolutionProperties) = preSolution
		HideSolutionNode = FALSE
	EndGlobalSection
	GlobalSection(ExtensibilityGlobals) = postSolution
		SolutionGuid = {C96AEB92-5B7F-431F-8929-19E853D94496}
	EndGlobalSection
EndGlobal
